<?xml version="1.0" encoding="utf-8"?>
<Project ToolsVersion="4.0" xmlns="http://schemas.microsoft.com/developer/msbuild/2003">
  <ItemGroup>
    <Filter Include="Fichiers sources">
      <UniqueIdentifier>{4FC737F1-C7A5-4376-A066-2A32D752A2FF}</UniqueIdentifier>
      <Extensions>cpp;c;cc;cxx;c++;cppm;ixx;def;odl;idl;hpj;bat;asm;asmx</Extensions>
    </Filter>
    <Filter Include="Fichiers d%27en-tête">
      <UniqueIdentifier>{93995380-89BD-4b04-88EB-625FBE52EBFB}</UniqueIdentifier>
      <Extensions>h;hh;hpp;hxx;h++;hm;inl;inc;ipp;xsd</Extensions>
    </Filter>
    <Filter Include="Fichiers de ressources">
      <UniqueIdentifier>{67DA6AB6-F800-4c08-8B7A-83BB121AAD01}</UniqueIdentifier>
      <Extensions>rc;ico;cur;bmp;dlg;rc2;rct;bin;rgs;gif;jpg;jpeg;jpe;resx;tiff;tif;png;wav;mfcribbon-ms</Extensions>
    </Filter>
    <Filter Include="Fichiers d%27en-tête\exo1">
      <UniqueIdentifier>{e3d8796c-3b7c-4d01-9c83-e547abc23ed7}</UniqueIdentifier>
    </Filter>
    <Filter Include="Fichiers d%27en-tête\exo2">
      <UniqueIdentifier>{59c8ea9c-6b89-4335-a9d8-fa2d6c8a14f0}</UniqueIdentifier>
    </Filter>
    <Filter Include="Fichiers sources\exo1">
      <UniqueIdentifier>{6c4ebb42-f040-48f7-83e2-dc78f3f93c05}</UniqueIdentifier>
    </Filter>
    <Filter Include="Fichiers sources\exo2">
      <UniqueIdentifier>{e8d26aed-f1bf-4e11-a4cf-28458735f2a6}</UniqueIdentifier>
    </Filter>
  </ItemGroup>
  <ItemGroup>
    <ClCompile Include="Workshop_real.cpp">
      <Filter>Fichiers sources</Filter>
    </ClCompile>
    <ClCompile Include="exo1.cpp">
      <Filter>Fichiers sources\exo1</Filter>
    </ClCompile>
    <ClCompile Include="Carre.cpp">
      <Filter>Fichiers sources\exo1</Filter>
    </ClCompile>
    <ClCompile Include="Rectangle.cpp">
      <Filter>Fichiers sources\exo1</Filter>
    </ClCompile>
    <ClCompile Include="Objet2D.cpp">
      <Filter>Fichiers sources\exo1</Filter>
    </ClCompile>
    <ClCompile Include="Objet2DStock.cpp">
      <Filter>Fichiers sources\exo2</Filter>
    </ClCompile>
    <ClCompile Include="exo2.cpp">
      <Filter>Fichiers sources\exo2</Filter>
    </ClCompile>
  </ItemGroup>
  <ItemGroup>
    <ClInclude Include="Carre.h">
      <Filter>Fichiers d%27en-tête\exo1</Filter>
    </ClInclude>
    <ClInclude Include="exo1.h">
      <Filter>Fichiers d%27en-tête\exo1</Filter>
    </ClInclude>
    <ClInclude Include="Objet2D.h">
      <Filter>Fichiers d%27en-tête\exo1</Filter>
    </ClInclude>
    <ClInclude Include="Rectangle.h">
      <Filter>Fichiers d%27en-tête\exo1</Filter>
    </ClInclude>
    <ClInclude Include="exo2.h">
      <Filter>Fichiers d%27en-tête\exo2</Filter>
    </ClInclude>
    <ClInclude Include="Objet2DStock.h">
      <Filter>Fichiers d%27en-tête\exo2</Filter>
    </ClInclude>
    <ClInclude Include="mainHeader.h">
      <Filter>Fichiers d%27en-tête</Filter>
    </ClInclude>
  </ItemGroup>
</Project>